
Microsoft Visual Studio Solution File, Format Version 12.00
# Visual Studio Version 17
VisualStudioVersion = 17.11.35312.102
MinimumVisualStudioVersion = 10.0.40219.1
Project("{FAE04EC0-301F-11D3-BF4B-00C04F79EFBC}") = "sortowania zadanie domowe", "sortowania zadanie domowe.csproj", "{E314799C-CDBD-4805-8AE3-6FE3D93EFDF3}"
EndProject
Global
	GlobalSection(SolutionConfigurationPlatforms) = preSolution
		Debug|Any CPU = Debug|Any CPU
		Release|Any CPU = Release|Any CPU
	EndGlobalSection
	GlobalSection(ProjectConfigurationPlatforms) = postSolution
		{E314799C-CDBD-4805-8AE3-6FE3D93EFDF3}.Debug|Any CPU.ActiveCfg = Debug|Any CPU
		{E314799C-CDBD-4805-8AE3-6FE3D93EFDF3}.Debug|Any CPU.Build.0 = Debug|Any CPU
		{E314799C-CDBD-4805-8AE3-6FE3D93EFDF3}.Release|Any CPU.ActiveCfg = Release|Any CPU
		{E314799C-CDBD-4805-8AE3-6FE3D93EFDF3}.Release|Any CPU.Build.0 = Release|Any CPU
	EndGlobalSection
	GlobalSection(SolutionProperties) = preSolution
		HideSolutionNode = FALSE
	EndGlobalSection
	GlobalSection(ExtensibilityGlobals) = postSolution
		SolutionGuid = {A1B759EC-0AD7-4F1B-84E2-EEE94D401AB4}
	EndGlobalSection
EndGlobal
