
Microsoft Visual Studio Solution File, Format Version 12.00
# Visual Studio Version 17
VisualStudioVersion = 17.11.35312.102
MinimumVisualStudioVersion = 10.0.40219.1
Project("{FAE04EC0-301F-11D3-BF4B-00C04F79EFBC}") = "Drzewo", "Drzewo.csproj", "{CE7E89A0-A977-4189-B611-0DD5E9A60276}"
EndProject
Global
	GlobalSection(SolutionConfigurationPlatforms) = preSolution
		Debug|Any CPU = Debug|Any CPU
		Release|Any CPU = Release|Any CPU
	EndGlobalSection
	GlobalSection(ProjectConfigurationPlatforms) = postSolution
		{CE7E89A0-A977-4189-B611-0DD5E9A60276}.Debug|Any CPU.ActiveCfg = Debug|Any CPU
		{CE7E89A0-A977-4189-B611-0DD5E9A60276}.Debug|Any CPU.Build.0 = Debug|Any CPU
		{CE7E89A0-A977-4189-B611-0DD5E9A60276}.Release|Any CPU.ActiveCfg = Release|Any CPU
		{CE7E89A0-A977-4189-B611-0DD5E9A60276}.Release|Any CPU.Build.0 = Release|Any CPU
	EndGlobalSection
	GlobalSection(SolutionProperties) = preSolution
		HideSolutionNode = FALSE
	EndGlobalSection
	GlobalSection(ExtensibilityGlobals) = postSolution
		SolutionGuid = {DFA876DD-F024-45BD-B2D9-BBDFE7B225E9}
	EndGlobalSection
EndGlobal
